
Microsoft Visual Studio Solution File, Format Version 12.00
# Visual Studio Version 16
VisualStudioVersion = 16.0.29613.14
MinimumVisualStudioVersion = 10.0.40219.1
Project("{FAE04EC0-301F-11D3-BF4B-00C04F79EFBC}") = "PersonClass", "PersonClass\PersonClass.csproj", "{6F5F4647-1D30-455D-A51B-DFC9E3EB7181}"
EndProject
Global
	GlobalSection(SolutionConfigurationPlatforms) = preSolution
		Debug|Any CPU = Debug|Any CPU
		Release|Any CPU = Release|Any CPU
	EndGlobalSection
	GlobalSection(ProjectConfigurationPlatforms) = postSolution
		{6F5F4647-1D30-455D-A51B-DFC9E3EB7181}.Debug|Any CPU.ActiveCfg = Debug|Any CPU
		{6F5F4647-1D30-455D-A51B-DFC9E3EB7181}.Debug|Any CPU.Build.0 = Debug|Any CPU
		{6F5F4647-1D30-455D-A51B-DFC9E3EB7181}.Release|Any CPU.ActiveCfg = Release|Any CPU
		{6F5F4647-1D30-455D-A51B-DFC9E3EB7181}.Release|Any CPU.Build.0 = Release|Any CPU
	EndGlobalSection
	GlobalSection(SolutionProperties) = preSolution
		HideSolutionNode = FALSE
	EndGlobalSection
	GlobalSection(ExtensibilityGlobals) = postSolution
		SolutionGuid = {75C358DE-E3A0-45C8-BE57-526509C852D3}
	EndGlobalSection
EndGlobal
